
Microsoft Visual Studio Solution File, Format Version 12.00
# Visual Studio 14
VisualStudioVersion = 14.0.25420.1
MinimumVisualStudioVersion = 10.0.40219.1
Project("{FAE04EC0-301F-11D3-BF4B-00C04F79EFBC}") = "EC0", "EC0\EC0.csproj", "{31150874-D502-40C6-90F8-D6DA7D083699}"
EndProject
Global
	GlobalSection(SolutionConfigurationPlatforms) = preSolution
		Debug|Any CPU = Debug|Any CPU
		Release|Any CPU = Release|Any CPU
	EndGlobalSection
	GlobalSection(ProjectConfigurationPlatforms) = postSolution
		{31150874-D502-40C6-90F8-D6DA7D083699}.Debug|Any CPU.ActiveCfg = Debug|Any CPU
		{31150874-D502-40C6-90F8-D6DA7D083699}.Debug|Any CPU.Build.0 = Debug|Any CPU
		{31150874-D502-40C6-90F8-D6DA7D083699}.Release|Any CPU.ActiveCfg = Release|Any CPU
		{31150874-D502-40C6-90F8-D6DA7D083699}.Release|Any CPU.Build.0 = Release|Any CPU
	EndGlobalSection
	GlobalSection(SolutionProperties) = preSolution
		HideSolutionNode = FALSE
	EndGlobalSection
EndGlobal
